
Microsoft Visual Studio Solution File, Format Version 12.00
# Visual Studio Version 16
VisualStudioVersion = 16.0.29215.179
MinimumVisualStudioVersion = 10.0.40219.1
Project("{FAE04EC0-301F-11D3-BF4B-00C04F79EFBC}") = "RegistroEstudiantes", "RegistroEstudiantes\RegistroEstudiantes.csproj", "{6013FA1E-F16D-424E-AF04-728C0FB87B33}"
EndProject
Project("{FAE04EC0-301F-11D3-BF4B-00C04F79EFBC}") = "RegistroEstudiantesTests", "RegistroEstudiantesTests\RegistroEstudiantesTests.csproj", "{602B5DF5-1A81-4741-8A3E-214B6441687A}"
EndProject
Global
	GlobalSection(SolutionConfigurationPlatforms) = preSolution
		Debug|Any CPU = Debug|Any CPU
		Release|Any CPU = Release|Any CPU
	EndGlobalSection
	GlobalSection(ProjectConfigurationPlatforms) = postSolution
		{6013FA1E-F16D-424E-AF04-728C0FB87B33}.Debug|Any CPU.ActiveCfg = Debug|Any CPU
		{6013FA1E-F16D-424E-AF04-728C0FB87B33}.Debug|Any CPU.Build.0 = Debug|Any CPU
		{6013FA1E-F16D-424E-AF04-728C0FB87B33}.Release|Any CPU.ActiveCfg = Release|Any CPU
		{6013FA1E-F16D-424E-AF04-728C0FB87B33}.Release|Any CPU.Build.0 = Release|Any CPU
		{602B5DF5-1A81-4741-8A3E-214B6441687A}.Debug|Any CPU.ActiveCfg = Debug|Any CPU
		{602B5DF5-1A81-4741-8A3E-214B6441687A}.Debug|Any CPU.Build.0 = Debug|Any CPU
		{602B5DF5-1A81-4741-8A3E-214B6441687A}.Release|Any CPU.ActiveCfg = Release|Any CPU
		{602B5DF5-1A81-4741-8A3E-214B6441687A}.Release|Any CPU.Build.0 = Release|Any CPU
	EndGlobalSection
	GlobalSection(SolutionProperties) = preSolution
		HideSolutionNode = FALSE
	EndGlobalSection
	GlobalSection(ExtensibilityGlobals) = postSolution
		SolutionGuid = {1EDCE421-D74F-4046-8068-A738269414A2}
	EndGlobalSection
EndGlobal
